// !$*UTF8*$!
{
	archiveVersion = 1;
	classes = {
	};
	objectVersion = 48;
	objects = {

/* Begin PBXBuildFile section */
		C518EB041FD9A0CB00683141 /* AppDelegate.swift in Sources */ = {isa = PBXBuildFile; fileRef = C518EB031FD9A0CB00683141 /* AppDelegate.swift */; };
		C518EB061FD9A0CB00683141 /* ViewController.swift in Sources */ = {isa = PBXBuildFile; fileRef = C518EB051FD9A0CB00683141 /* ViewController.swift */; };
		C518EB091FD9A0CB00683141 /* Main.storyboard in Resources */ = {isa = PBXBuildFile; fileRef = C518EB071FD9A0CB00683141 /* Main.storyboard */; };
		C518EB0B1FD9A0CB00683141 /* Assets.xcassets in Resources */ = {isa = PBXBuildFile; fileRef = C518EB0A1FD9A0CB00683141 /* Assets.xcassets */; };
		C518EB0E1FD9A0CB00683141 /* LaunchScreen.storyboard in Resources */ = {isa = PBXBuildFile; fileRef = C518EB0C1FD9A0CB00683141 /* LaunchScreen.storyboard */; };
		C518EB191FD9A0CB00683141 /* ciaoTests.swift in Sources */ = {isa = PBXBuildFile; fileRef = C518EB181FD9A0CB00683141 /* ciaoTests.swift */; };
		C518EB241FD9A0CB00683141 /* ciaoUITests.swift in Sources */ = {isa = PBXBuildFile; fileRef = C518EB231FD9A0CB00683141 /* ciaoUITests.swift */; };
/* End PBXBuildFile section */

/* Begin PBXContainerItemProxy section */
		C518EB151FD9A0CB00683141 /* PBXContainerItemProxy */ = {
			isa = PBXContainerItemProxy;
			containerPortal = C518EAF81FD9A0CB00683141 /* Project object */;
			proxyType = 1;
			remoteGlobalIDString = C518EAFF1FD9A0CB00683141;
			remoteInfo = ciao;
		};
		C518EB201FD9A0CB00683141 /* PBXContainerItemProxy */ = {
			isa = PBXContainerItemProxy;
			containerPortal = C518EAF81FD9A0CB00683141 /* Project object */;
			proxyType = 1;
			remoteGlobalIDString = C518EAFF1FD9A0CB00683141;
			remoteInfo = ciao;
		};
/* End PBXContainerItemProxy section */

/* Begin PBXFileReference section */
		C518EB001FD9A0CB00683141 /* ciao.app */ = {isa = PBXFileReference; explicitFileType = wrapper.application; includeInIndex = 0; path = ciao.app; sourceTree = BUILT_PRODUCTS_DIR; };
		C518EB031FD9A0CB00683141 /* AppDelegate.swift */ = {isa = PBXFileReference; lastKnownFileType = sourcecode.swift; path = AppDelegate.swift; sourceTree = "<group>"; };
		C518EB051FD9A0CB00683141 /* ViewController.swift */ = {isa = PBXFileReference; lastKnownFileType = sourcecode.swift; path = ViewController.swift; sourceTree = "<group>"; };
		C518EB081FD9A0CB00683141 /* Base */ = {isa = PBXFileReference; lastKnownFileType = file.storyboard; name = Base; path = Base.lproj/Main.storyboard; sourceTree = "<group>"; };
		C518EB0A1FD9A0CB00683141 /* Assets.xcassets */ = {isa = PBXFileReference; lastKnownFileType = folder.assetcatalog; path = Assets.xcassets; sourceTree = "<group>"; };
		C518EB0D1FD9A0CB00683141 /* Base */ = {isa = PBXFileReference; lastKnownFileType = file.storyboard; name = Base; path = Base.lproj/LaunchScreen.storyboard; sourceTree = "<group>"; };
		C518EB0F1FD9A0CB00683141 /* Info.plist */ = {isa = PBXFileReference; lastKnownFileType = text.plist.xml; path = Info.plist; sourceTree = "<group>"; };
		C518EB141FD9A0CB00683141 /* ciaoTests.xctest */ = {isa = PBXFileReference; explicitFileType = wrapper.cfbundle; includeInIndex = 0; path = ciaoTests.xctest; sourceTree = BUILT_PRODUCTS_DIR; };
		C518EB181FD9A0CB00683141 /* ciaoTests.swift */ = {isa = PBXFileReference; lastKnownFileType = sourcecode.swift; path = ciaoTests.swift; sourceTree = "<group>"; };
		C518EB1A1FD9A0CB00683141 /* Info.plist */ = {isa = PBXFileReference; lastKnownFileType = text.plist.xml; path = Info.plist; sourceTree = "<group>"; };
		C518EB1F1FD9A0CB00683141 /* ciaoUITests.xctest */ = {isa = PBXFileReference; explicitFileType = wrapper.cfbundle; includeInIndex = 0; path = ciaoUITests.xctest; sourceTree = BUILT_PRODUCTS_DIR; };
		C518EB231FD9A0CB00683141 /* ciaoUITests.swift */ = {isa = PBXFileReference; lastKnownFileType = sourcecode.swift; path = ciaoUITests.swift; sourceTree = "<group>"; };
		C518EB251FD9A0CB00683141 /* Info.plist */ = {isa = PBXFileReference; lastKnownFileType = text.plist.xml; path = Info.plist; sourceTree = "<group>"; };
/* End PBXFileReference section */

/* Begin PBXFrameworksBuildPhase section */
		C518EAFD1FD9A0CB00683141 /* Frameworks */ = {
			isa = PBXFrameworksBuildPhase;
			buildActionMask = 2147483647;
			files = (
			);
			runOnlyForDeploymentPostprocessing = 0;
		};
		C518EB111FD9A0CB00683141 /* Frameworks */ = {
			isa = PBXFrameworksBuildPhase;
			buildActionMask = 2147483647;
			files = (
			);
			runOnlyForDeploymentPostprocessing = 0;
		};
		C518EB1C1FD9A0CB00683141 /* Frameworks */ = {
			isa = PBXFrameworksBuildPhase;
			buildActionMask = 2147483647;
			files = (
			);
			runOnlyForDeploymentPostprocessing = 0;
		};
/* End PBXFrameworksBuildPhase section */

/* Begin PBXGroup section */
		C518EAF71FD9A0CB00683141 = {
			isa = PBXGroup;
			children = (
				C518EB021FD9A0CB00683141 /* ciao */,
				C518EB171FD9A0CB00683141 /* ciaoTests */,
				C518EB221FD9A0CB00683141 /* ciaoUITests */,
				C518EB011FD9A0CB00683141 /* Products */,
			);
			sourceTree = "<group>";
		};
		C518EB011FD9A0CB00683141 /* Products */ = {
			isa = PBXGroup;
			children = (
				C518EB001FD9A0CB00683141 /* ciao.app */,
				C518EB141FD9A0CB00683141 /* ciaoTests.xctest */,
				C518EB1F1FD9A0CB00683141 /* ciaoUITests.xctest */,
			);
			name = Products;
			sourceTree = "<group>";
		};
		C518EB021FD9A0CB00683141 /* ciao */ = {
			isa = PBXGroup;
			children = (
				C518EB031FD9A0CB00683141 /* AppDelegate.swift */,
				C518EB051FD9A0CB00683141 /* ViewController.swift */,
				C518EB071FD9A0CB00683141 /* Main.storyboard */,
				C518EB0A1FD9A0CB00683141 /* Assets.xcassets */,
				C518EB0C1FD9A0CB00683141 /* LaunchScreen.storyboard */,
				C518EB0F1FD9A0CB00683141 /* Info.plist */,
			);
			path = ciao;
			sourceTree = "<group>";
		};
		C518EB171FD9A0CB00683141 /* ciaoTests */ = {
			isa = PBXGroup;
			children = (
				C518EB181FD9A0CB00683141 /* ciaoTests.swift */,
				C518EB1A1FD9A0CB00683141 /* Info.plist */,
			);
			path = ciaoTests;
			sourceTree = "<group>";
		};
		C518EB221FD9A0CB00683141 /* ciaoUITests */ = {
			isa = PBXGroup;
			children = (
				C518EB231FD9A0CB00683141 /* ciaoUITests.swift */,
				C518EB251FD9A0CB00683141 /* Info.plist */,
			);
			path = ciaoUITests;
			sourceTree = "<group>";
		};
/* End PBXGroup section */

/* Begin PBXNativeTarget section */
		C518EAFF1FD9A0CB00683141 /* ciao */ = {
			isa = PBXNativeTarget;
			buildConfigurationList = C518EB281FD9A0CB00683141 /* Build configuration list for PBXNativeTarget "ciao" */;
			buildPhases = (
				C518EAFC1FD9A0CB00683141 /* Sources */,
				C518EAFD1FD9A0CB00683141 /* Frameworks */,
				C518EAFE1FD9A0CB00683141 /* Resources */,
			);
			buildRules = (
			);
			dependencies = (
			);
			name = ciao;
			productName = ciao;
			productReference = C518EB001FD9A0CB00683141 /* ciao.app */;
			productType = "com.apple.product-type.application";
		};
		C518EB131FD9A0CB00683141 /* ciaoTests */ = {
			isa = PBXNativeTarget;
			buildConfigurationList = C518EB2B1FD9A0CB00683141 /* Build configuration list for PBXNativeTarget "ciaoTests" */;
			buildPhases = (
				C518EB101FD9A0CB00683141 /* Sources */,
				C518EB111FD9A0CB00683141 /* Frameworks */,
				C518EB121FD9A0CB00683141 /* Resources */,
			);
			buildRules = (
			);
			dependencies = (
				C518EB161FD9A0CB00683141 /* PBXTargetDependency */,
			);
			name = ciaoTests;
			productName = ciaoTests;
			productReference = C518EB141FD9A0CB00683141 /* ciaoTests.xctest */;
			productType = "com.apple.product-type.bundle.unit-test";
		};
		C518EB1E1FD9A0CB00683141 /* ciaoUITests */ = {
			isa = PBXNativeTarget;
			buildConfigurationList = C518EB2E1FD9A0CB00683141 /* Build configuration list for PBXNativeTarget "ciaoUITests" */;
			buildPhases = (
				C518EB1B1FD9A0CB00683141 /* Sources */,
				C518EB1C1FD9A0CB00683141 /* Frameworks */,
				C518EB1D1FD9A0CB00683141 /* Resources */,
			);
			buildRules = (
			);
			dependencies = (
				C518EB211FD9A0CB00683141 /* PBXTargetDependency */,
			);
			name = ciaoUITests;
			productName = ciaoUITests;
			productReference = C518EB1F1FD9A0CB00683141 /* ciaoUITests.xctest */;
			productType = "com.apple.product-type.bundle.ui-testing";
		};
/* End PBXNativeTarget section */

/* Begin PBXProject section */
		C518EAF81FD9A0CB00683141 /* Project object */ = {
			isa = PBXProject;
			attributes = {
				LastSwiftUpdateCheck = 0910;
				LastUpgradeCheck = 0910;
				ORGANIZATIONNAME = "Silvia Pascucci";
				TargetAttributes = {
					C518EAFF1FD9A0CB00683141 = {
						CreatedOnToolsVersion = 9.1;
						ProvisioningStyle = Automatic;
					};
					C518EB131FD9A0CB00683141 = {
						CreatedOnToolsVersion = 9.1;
						ProvisioningStyle = Automatic;
						TestTargetID = C518EAFF1FD9A0CB00683141;
					};
					C518EB1E1FD9A0CB00683141 = {
						CreatedOnToolsVersion = 9.1;
						ProvisioningStyle = Automatic;
						TestTargetID = C518EAFF1FD9A0CB00683141;
					};
				};
			};
			buildConfigurationList = C518EAFB1FD9A0CB00683141 /* Build configuration list for PBXProject "ciao" */;
			compatibilityVersion = "Xcode 8.0";
			developmentRegion = en;
			hasScannedForEncodings = 0;
			knownRegions = (
				en,
				Base,
			);
			mainGroup = C518EAF71FD9A0CB00683141;
			productRefGroup = C518EB011FD9A0CB00683141 /* Products */;
			projectDirPath = "";
			projectRoot = "";
			targets = (
				C518EAFF1FD9A0CB00683141 /* ciao */,
				C518EB131FD9A0CB00683141 /* ciaoTests */,
				C518EB1E1FD9A0CB00683141 /* ciaoUITests */,
			);
		};
/* End PBXProject section */

/* Begin PBXResourcesBuildPhase section */
		C518EAFE1FD9A0CB00683141 /* Resources */ = {
			isa = PBXResourcesBuildPhase;
			buildActionMask = 2147483647;
			files = (
				C518EB0E1FD9A0CB00683141 /* LaunchScreen.storyboard in Resources */,
				C518EB0B1FD9A0CB00683141 /* Assets.xcassets in Resources */,
				C518EB091FD9A0CB00683141 /* Main.storyboard in Resources */,
			);
			runOnlyForDeploymentPostprocessing = 0;
		};
		C518EB121FD9A0CB00683141 /* Resources */ = {
			isa = PBXResourcesBuildPhase;
			buildActionMask = 2147483647;
			files = (
			);
			runOnlyForDeploymentPostprocessing = 0;
		};
		C518EB1D1FD9A0CB00683141 /* Resources */ = {
			isa = PBXResourcesBuildPhase;
			buildActionMask = 2147483647;
			files = (
			);
			runOnlyForDeploymentPostprocessing = 0;
		};
/* End PBXResourcesBuildPhase section */

/* Begin PBXSourcesBuildPhase section */
		C518EAFC1FD9A0CB00683141 /* Sources */ = {
			isa = PBXSourcesBuildPhase;
			buildActionMask = 2147483647;
			files = (
				C518EB061FD9A0CB00683141 /* ViewController.swift in Sources */,
				C518EB041FD9A0CB00683141 /* AppDelegate.swift in Sources */,
			);
			runOnlyForDeploymentPostprocessing = 0;
		};
		C518EB101FD9A0CB00683141 /* Sources */ = {
			isa = PBXSourcesBuildPhase;
			buildActionMask = 2147483647;
			files = (
				C518EB191FD9A0CB00683141 /* ciaoTests.swift in Sources */,
			);
			runOnlyForDeploymentPostprocessing = 0;
		};
		C518EB1B1FD9A0CB00683141 /* Sources */ = {
			isa = PBXSourcesBuildPhase;
			buildActionMask = 2147483647;
			files = (
				C518EB241FD9A0CB00683141 /* ciaoUITests.swift in Sources */,
			);
			runOnlyForDeploymentPostprocessing = 0;
		};
/* End PBXSourcesBuildPhase section */

/* Begin PBXTargetDependency section */
		C518EB161FD9A0CB00683141 /* PBXTargetDependency */ = {
			isa = PBXTargetDependency;
			target = C518EAFF1FD9A0CB00683141 /* ciao */;
			targetProxy = C518EB151FD9A0CB00683141 /* PBXContainerItemProxy */;
		};
		C518EB211FD9A0CB00683141 /* PBXTargetDependency */ = {
			isa = PBXTargetDependency;
			target = C518EAFF1FD9A0CB00683141 /* ciao */;
			targetProxy = C518EB201FD9A0CB00683141 /* PBXContainerItemProxy */;
		};
/* End PBXTargetDependency section */

/* Begin PBXVariantGroup section */
		C518EB071FD9A0CB00683141 /* Main.storyboard */ = {
			isa = PBXVariantGroup;
			children = (
				C518EB081FD9A0CB00683141 /* Base */,
			);
			name = Main.storyboard;
			sourceTree = "<group>";
		};
		C518EB0C1FD9A0CB00683141 /* LaunchScreen.storyboard */ = {
			isa = PBXVariantGroup;
			children = (
				C518EB0D1FD9A0CB00683141 /* Base */,
			);
			name = LaunchScreen.storyboard;
			sourceTree = "<group>";
		};
/* End PBXVariantGroup section */

/* Begin XCBuildConfiguration section */
		C518EB261FD9A0CB00683141 /* Debug */ = {
			isa = XCBuildConfiguration;
			buildSettings = {
				ALWAYS_SEARCH_USER_PATHS = NO;
				CLANG_ANALYZER_NONNULL = YES;
				CLANG_ANALYZER_NUMBER_OBJECT_CONVERSION = YES_AGGRESSIVE;
				CLANG_CXX_LANGUAGE_STANDARD = "gnu++14";
				CLANG_CXX_LIBRARY = "libc++";
				CLANG_ENABLE_MODULES = YES;
				CLANG_ENABLE_OBJC_ARC = YES;
				CLANG_WARN_BLOCK_CAPTURE_AUTORELEASING = YES;
				CLANG_WARN_BOOL_CONVERSION = YES;
				CLANG_WARN_COMMA = YES;
				CLANG_WARN_CONSTANT_CONVERSION = YES;
				CLANG_WARN_DIRECT_OBJC_ISA_USAGE = YES_ERROR;
				CLANG_WARN_DOCUMENTATION_COMMENTS = YES;
				CLANG_WARN_EMPTY_BODY = YES;
				CLANG_WARN_ENUM_CONVERSION = YES;
				CLANG_WARN_INFINITE_RECURSION = YES;
				CLANG_WARN_INT_CONVERSION = YES;
				CLANG_WARN_NON_LITERAL_NULL_CONVERSION = YES;
				CLANG_WARN_OBJC_LITERAL_CONVERSION = YES;
				CLANG_WARN_OBJC_ROOT_CLASS = YES_ERROR;
				CLANG_WARN_RANGE_LOOP_ANALYSIS = YES;
				CLANG_WARN_STRICT_PROTOTYPES = YES;
				CLANG_WARN_SUSPICIOUS_MOVE = YES;
				CLANG_WARN_UNGUARDED_AVAILABILITY = YES_AGGRESSIVE;
				CLANG_WARN_UNREACHABLE_CODE = YES;
				CLANG_WARN__DUPLICATE_METHOD_MATCH = YES;
				CODE_SIGN_IDENTITY = "iPhone Developer";
				COPY_PHASE_STRIP = NO;
				DEBUG_INFORMATION_FORMAT = dwarf;
				ENABLE_STRICT_OBJC_MSGSEND = YES;
				ENABLE_TESTABILITY = YES;
				GCC_C_LANGUAGE_STANDARD = gnu11;
				GCC_DYNAMIC_NO_PIC = NO;
				GCC_NO_COMMON_BLOCKS = YES;
				GCC_OPTIMIZATION_LEVEL = 0;
				GCC_PREPROCESSOR_DEFINITIONS = (
					"DEBUG=1",
					"$(inherited)",
				);
				GCC_WARN_64_TO_32_BIT_CONVERSION = YES;
				GCC_WARN_ABOUT_RETURN_TYPE = YES_ERROR;
				GCC_WARN_UNDECLARED_SELECTOR = YES;
				GCC_WARN_UNINITIALIZED_AUTOS = YES_AGGRESSIVE;
				GCC_WARN_UNUSED_FUNCTION = YES;
				GCC_WARN_UNUSED_VARIABLE = YES;
				IPHONEOS_DEPLOYMENT_TARGET = 11.1;
				MTL_ENABLE_DEBUG_INFO = YES;
				ONLY_ACTIVE_ARCH = YES;
				SDKROOT = iphoneos;
				SWIFT_ACTIVE_COMPILATION_CONDITIONS = DEBUG;
				SWIFT_OPTIMIZATION_LEVEL = "-Onone";
			};
			name = Debug;
		};
		C518EB271FD9A0CB00683141 /* Release */ = {
			isa = XCBuildConfiguration;
			buildSettings = {
				ALWAYS_SEARCH_USER_PATHS = NO;
				CLANG_ANALYZER_NONNULL = YES;
				CLANG_ANALYZER_NUMBER_OBJECT_CONVERSION = YES_AGGRESSIVE;
				CLANG_CXX_LANGUAGE_STANDARD = "gnu++14";
				CLANG_CXX_LIBRARY = "libc++";
				CLANG_ENABLE_MODULES = YES;
				CLANG_ENABLE_OBJC_ARC = YES;
				CLANG_WARN_BLOCK_CAPTURE_AUTORELEASING = YES;
				CLANG_WARN_BOOL_CONVERSION = YES;
				CLANG_WARN_COMMA = YES;
				CLANG_WARN_CONSTANT_CONVERSION = YES;
				CLANG_WARN_DIRECT_OBJC_ISA_USAGE = YES_ERROR;
				CLANG_WARN_DOCUMENTATION_COMMENTS = YES;
				CLANG_WARN_EMPTY_BODY = YES;
				CLANG_WARN_ENUM_CONVERSION = YES;
				CLANG_WARN_INFINITE_RECURSION = YES;
				CLANG_WARN_INT_CONVERSION = YES;
				CLANG_WARN_NON_LITERAL_NULL_CONVERSION = YES;
				CLANG_WARN_OBJC_LITERAL_CONVERSION = YES;
				CLANG_WARN_OBJC_ROOT_CLASS = YES_ERROR;
				CLANG_WARN_RANGE_LOOP_ANALYSIS = YES;
				CLANG_WARN_STRICT_PROTOTYPES = YES;
				CLANG_WARN_SUSPICIOUS_MOVE = YES;
				CLANG_WARN_UNGUARDED_AVAILABILITY = YES_AGGRESSIVE;
				CLANG_WARN_UNREACHABLE_CODE = YES;
				CLANG_WARN__DUPLICATE_METHOD_MATCH = YES;
				CODE_SIGN_IDENTITY = "iPhone Developer";
				COPY_PHASE_STRIP = NO;
				DEBUG_INFORMATION_FORMAT = "dwarf-with-dsym";
				ENABLE_NS_ASSERTIONS = NO;
				ENABLE_STRICT_OBJC_MSGSEND = YES;
				GCC_C_LANGUAGE_STANDARD = gnu11;
				GCC_NO_COMMON_BLOCKS = YES;
				GCC_WARN_64_TO_32_BIT_CONVERSION = YES;
				GCC_WARN_ABOUT_RETURN_TYPE = YES_ERROR;
				GCC_WARN_UNDECLARED_SELECTOR = YES;
				GCC_WARN_UNINITIALIZED_AUTOS = YES_AGGRESSIVE;
				GCC_WARN_UNUSED_FUNCTION = YES;
				GCC_WARN_UNUSED_VARIABLE = YES;
				IPHONEOS_DEPLOYMENT_TARGET = 11.1;
				MTL_ENABLE_DEBUG_INFO = NO;
				SDKROOT = iphoneos;
				SWIFT_OPTIMIZATION_LEVEL = "-Owholemodule";
				VALIDATE_PRODUCT = YES;
			};
			name = Release;
		};
		C518EB291FD9A0CB00683141 /* Debug */ = {
			isa = XCBuildConfiguration;
			buildSettings = {
				ASSETCATALOG_COMPILER_APPICON_NAME = AppIcon;
				CODE_SIGN_STYLE = Automatic;
				INFOPLIST_FILE = ciao/Info.plist;
				LD_RUNPATH_SEARCH_PATHS = "$(inherited) @executable_path/Frameworks";
				PRODUCT_BUNDLE_IDENTIFIER = com.ciao;
				PRODUCT_NAME = "$(TARGET_NAME)";
				SWIFT_VERSION = 4.0;
				TARGETED_DEVICE_FAMILY = "1,2";
			};
			name = Debug;
		};
		C518EB2A1FD9A0CB00683141 /* Release */ = {
			isa = XCBuildConfiguration;
			buildSettings = {
				ASSETCATALOG_COMPILER_APPICON_NAME = AppIcon;
				CODE_SIGN_STYLE = Automatic;
				INFOPLIST_FILE = ciao/Info.plist;
				LD_RUNPATH_SEARCH_PATHS = "$(inherited) @executable_path/Frameworks";
				PRODUCT_BUNDLE_IDENTIFIER = com.ciao;
				PRODUCT_NAME = "$(TARGET_NAME)";
				SWIFT_VERSION = 4.0;
				TARGETED_DEVICE_FAMILY = "1,2";
			};
			name = Release;
		};
		C518EB2C1FD9A0CB00683141 /* Debug */ = {
			isa = XCBuildConfiguration;
			buildSettings = {
				ALWAYS_EMBED_SWIFT_STANDARD_LIBRARIES = YES;
				BUNDLE_LOADER = "$(TEST_HOST)";
				CODE_SIGN_STYLE = Automatic;
				INFOPLIST_FILE = ciaoTests/Info.plist;
				LD_RUNPATH_SEARCH_PATHS = "$(inherited) @executable_path/Frameworks @loader_path/Frameworks";
				PRODUCT_BUNDLE_IDENTIFIER = com.ciaoTests;
				PRODUCT_NAME = "$(TARGET_NAME)";
				SWIFT_VERSION = 4.0;
				TARGETED_DEVICE_FAMILY = "1,2";
				TEST_HOST = "$(BUILT_PRODUCTS_DIR)/ciao.app/ciao";
			};
			name = Debug;
		};
		C518EB2D1FD9A0CB00683141 /* Release */ = {
			isa = XCBuildConfiguration;
			buildSettings = {
				ALWAYS_EMBED_SWIFT_STANDARD_LIBRARIES = YES;
				BUNDLE_LOADER = "$(TEST_HOST)";
				CODE_SIGN_STYLE = Automatic;
				INFOPLIST_FILE = ciaoTests/Info.plist;
				LD_RUNPATH_SEARCH_PATHS = "$(inherited) @executable_path/Frameworks @loader_path/Frameworks";
				PRODUCT_BUNDLE_IDENTIFIER = com.ciaoTests;
				PRODUCT_NAME = "$(TARGET_NAME)";
				SWIFT_VERSION = 4.0;
				TARGETED_DEVICE_FAMILY = "1,2";
				TEST_HOST = "$(BUILT_PRODUCTS_DIR)/ciao.app/ciao";
			};
			name = Release;
		};
		C518EB2F1FD9A0CB00683141 /* Debug */ = {
			isa = XCBuildConfiguration;
			buildSettings = {
				ALWAYS_EMBED_SWIFT_STANDARD_LIBRARIES = YES;
				CODE_SIGN_STYLE = Automatic;
				INFOPLIST_FILE = ciaoUITests/Info.plist;
				LD_RUNPATH_SEARCH_PATHS = "$(inherited) @executable_path/Frameworks @loader_path/Frameworks";
				PRODUCT_BUNDLE_IDENTIFIER = com.ciaoUITests;
				PRODUCT_NAME = "$(TARGET_NAME)";
				SWIFT_VERSION = 4.0;
				TARGETED_DEVICE_FAMILY = "1,2";
				TEST_TARGET_NAME = ciao;
			};
			name = Debug;
		};
		C518EB301FD9A0CB00683141 /* Release */ = {
			isa = XCBuildConfiguration;
			buildSettings = {
				ALWAYS_EMBED_SWIFT_STANDARD_LIBRARIES = YES;
				CODE_SIGN_STYLE = Automatic;
				INFOPLIST_FILE = ciaoUITests/Info.plist;
				LD_RUNPATH_SEARCH_PATHS = "$(inherited) @executable_path/Frameworks @loader_path/Frameworks";
				PRODUCT_BUNDLE_IDENTIFIER = com.ciaoUITests;
				PRODUCT_NAME = "$(TARGET_NAME)";
				SWIFT_VERSION = 4.0;
				TARGETED_DEVICE_FAMILY = "1,2";
				TEST_TARGET_NAME = ciao;
			};
			name = Release;
		};
/* End XCBuildConfiguration section */

/* Begin XCConfigurationList section */
		C518EAFB1FD9A0CB00683141 /* Build configuration list for PBXProject "ciao" */ = {
			isa = XCConfigurationList;
			buildConfigurations = (
				C518EB261FD9A0CB00683141 /* Debug */,
				C518EB271FD9A0CB00683141 /* Release */,
			);
			defaultConfigurationIsVisible = 0;
			defaultConfigurationName = Release;
		};
		C518EB281FD9A0CB00683141 /* Build configuration list for PBXNativeTarget "ciao" */ = {
			isa = XCConfigurationList;
			buildConfigurations = (
				C518EB291FD9A0CB00683141 /* Debug */,
				C518EB2A1FD9A0CB00683141 /* Release */,
			);
			defaultConfigurationIsVisible = 0;
			defaultConfigurationName = Release;
		};
		C518EB2B1FD9A0CB00683141 /* Build configuration list for PBXNativeTarget "ciaoTests" */ = {
			isa = XCConfigurationList;
			buildConfigurations = (
				C518EB2C1FD9A0CB00683141 /* Debug */,
				C518EB2D1FD9A0CB00683141 /* Release */,
			);
			defaultConfigurationIsVisible = 0;
			defaultConfigurationName = Release;
		};
		C518EB2E1FD9A0CB00683141 /* Build configuration list for PBXNativeTarget "ciaoUITests" */ = {
			isa = XCConfigurationList;
			buildConfigurations = (
				C518EB2F1FD9A0CB00683141 /* Debug */,
				C518EB301FD9A0CB00683141 /* Release */,
			);
			defaultConfigurationIsVisible = 0;
			defaultConfigurationName = Release;
		};
/* End XCConfigurationList section */
	};
	rootObject = C518EAF81FD9A0CB00683141 /* Project object */;
}
